
Microsoft Visual Studio Solution File, Format Version 11.00
# Visual C++ Express 2010
Project("{8BC9CEB8-8B4A-11D0-8D11-00A0C91BC942}") = "10.8", "10.8\10.8.vcxproj", "{C7ADBAC4-9155-4DF0-BB0E-0460CA16E778}"
EndProject
Global
	GlobalSection(SolutionConfigurationPlatforms) = preSolution
		Debug|Win32 = Debug|Win32
		Release|Win32 = Release|Win32
	EndGlobalSection
	GlobalSection(ProjectConfigurationPlatforms) = postSolution
		{C7ADBAC4-9155-4DF0-BB0E-0460CA16E778}.Debug|Win32.ActiveCfg = Debug|Win32
		{C7ADBAC4-9155-4DF0-BB0E-0460CA16E778}.Debug|Win32.Build.0 = Debug|Win32
		{C7ADBAC4-9155-4DF0-BB0E-0460CA16E778}.Release|Win32.ActiveCfg = Release|Win32
		{C7ADBAC4-9155-4DF0-BB0E-0460CA16E778}.Release|Win32.Build.0 = Release|Win32
	EndGlobalSection
	GlobalSection(SolutionProperties) = preSolution
		HideSolutionNode = FALSE
	EndGlobalSection
EndGlobal
